// !$*UTF8*$!
{
	archiveVersion = 1;
	classes = {
	};
	objectVersion = 46;
	objects = {

/* Begin PBXBuildFile section */
		760317F11F13A8F400E3D951 /* AppDelegate.swift in Sources */ = {isa = PBXBuildFile; fileRef = 760317EE1F13A8F400E3D951 /* AppDelegate.swift */; };
		761246381F13A74A00448E77 /* Default-568h@2x.png in Resources */ = {isa = PBXBuildFile; fileRef = 761246371F13A74A00448E77 /* Default-568h@2x.png */; };
		7622CC521F0F7343009C3254 /* FacebookLogin.framework in Frameworks */ = {isa = PBXBuildFile; fileRef = 7622CC511F0F7343009C3254 /* FacebookLogin.framework */; };
		7622CC541F0F7346009C3254 /* FacebookCore.framework in Frameworks */ = {isa = PBXBuildFile; fileRef = 7622CC531F0F7346009C3254 /* FacebookCore.framework */; };
		76382F851F1DEABF00216BB0 /* UserView.swift in Sources */ = {isa = PBXBuildFile; fileRef = 76382F841F1DEABF00216BB0 /* UserView.swift */; };
		76382F871F1DF22E00216BB0 /* UsersModel.swift in Sources */ = {isa = PBXBuildFile; fileRef = 76382F861F1DF22E00216BB0 /* UsersModel.swift */; };
		76382F891F1DF4DD00216BB0 /* FillArrayContext.swift in Sources */ = {isa = PBXBuildFile; fileRef = 76382F881F1DF4DD00216BB0 /* FillArrayContext.swift */; };
		76382F8D1F1E1F5500216BB0 /* ObservableObject.swift in Sources */ = {isa = PBXBuildFile; fileRef = 76382F8C1F1E1F5500216BB0 /* ObservableObject.swift */; };
		76382F8F1F1E1F7500216BB0 /* ObservationController.swift in Sources */ = {isa = PBXBuildFile; fileRef = 76382F8E1F1E1F7500216BB0 /* ObservationController.swift */; };
		76382F911F1E20F300216BB0 /* TableViewCell.swift in Sources */ = {isa = PBXBuildFile; fileRef = 76382F901F1E20F300216BB0 /* TableViewCell.swift */; };
		76382F941F1E2F4C00216BB0 /* ViewController.swift in Sources */ = {isa = PBXBuildFile; fileRef = 76382F921F1E2F4C00216BB0 /* ViewController.swift */; };
		764A8E3F1F1C9A6E0052D034 /* Constants.swift in Sources */ = {isa = PBXBuildFile; fileRef = 764A8E251F1C9A6E0052D034 /* Constants.swift */; };
		764A8E4B1F1C9A6E0052D034 /* LoginViewController.swift in Sources */ = {isa = PBXBuildFile; fileRef = 764A8E3C1F1C9A6E0052D034 /* LoginViewController.swift */; };
		764A8E4C1F1C9A6E0052D034 /* LoginViewController.xib in Resources */ = {isa = PBXBuildFile; fileRef = 764A8E3D1F1C9A6E0052D034 /* LoginViewController.xib */; };
		764A8E4E1F1C9B010052D034 /* UITableView+Extensions.swift in Sources */ = {isa = PBXBuildFile; fileRef = 764A8E4D1F1C9B010052D034 /* UITableView+Extensions.swift */; };
		764A8E501F1C9B420052D034 /* UINib+Extensions.swift in Sources */ = {isa = PBXBuildFile; fileRef = 764A8E4F1F1C9B420052D034 /* UINib+Extensions.swift */; };
		764A8E521F1C9B780052D034 /* Optional+Extensions.swift in Sources */ = {isa = PBXBuildFile; fileRef = 764A8E511F1C9B780052D034 /* Optional+Extensions.swift */; };
		764A8E541F1C9BD40052D034 /* NSArray+Extensions.swift in Sources */ = {isa = PBXBuildFile; fileRef = 764A8E531F1C9BD40052D034 /* NSArray+Extensions.swift */; };
		764A8E581F1CB33C0052D034 /* UIView+Extensions.swift in Sources */ = {isa = PBXBuildFile; fileRef = 764A8E571F1CB33C0052D034 /* UIView+Extensions.swift */; };
		764A8E601F1CB3A80052D034 /* UsersViewController.swift in Sources */ = {isa = PBXBuildFile; fileRef = 764A8E5A1F1CB3A80052D034 /* UsersViewController.swift */; };
		764A8E611F1CB3A80052D034 /* UsersViewController.xib in Resources */ = {isa = PBXBuildFile; fileRef = 764A8E5B1F1CB3A80052D034 /* UsersViewController.xib */; };
		764A8E631F1CB3A80052D034 /* UserCell.swift in Sources */ = {isa = PBXBuildFile; fileRef = 764A8E5E1F1CB3A80052D034 /* UserCell.swift */; };
		764A8E641F1CB3A80052D034 /* UserCell.xib in Resources */ = {isa = PBXBuildFile; fileRef = 764A8E5F1F1CB3A80052D034 /* UserCell.xib */; };
		764A8E911F1CF7C90052D034 /* BaseContext.swift in Sources */ = {isa = PBXBuildFile; fileRef = 764A8E891F1CF7C90052D034 /* BaseContext.swift */; };
		764A8E951F1CF7C90052D034 /* LoginContext.swift in Sources */ = {isa = PBXBuildFile; fileRef = 764A8E8E1F1CF7C90052D034 /* LoginContext.swift */; };
		764A8E961F1CF7C90052D034 /* User.swift in Sources */ = {isa = PBXBuildFile; fileRef = 764A8E8F1F1CF7C90052D034 /* User.swift */; };
		764A8E971F1CF7C90052D034 /* ArrayModel.swift in Sources */ = {isa = PBXBuildFile; fileRef = 764A8E901F1CF7C90052D034 /* ArrayModel.swift */; };
		764E25F31F28CEFD00D09506 /* ImageModel.swift in Sources */ = {isa = PBXBuildFile; fileRef = 764E25F21F28CEFD00D09506 /* ImageModel.swift */; };
		764E25F51F28CF1D00D09506 /* FileSystemModel.swift in Sources */ = {isa = PBXBuildFile; fileRef = 764E25F41F28CF1D00D09506 /* FileSystemModel.swift */; };
		764E25F71F28CF2B00D09506 /* InternetImageModel.swift in Sources */ = {isa = PBXBuildFile; fileRef = 764E25F61F28CF2B00D09506 /* InternetImageModel.swift */; };
		764E25F91F28D02800D09506 /* Model.swift in Sources */ = {isa = PBXBuildFile; fileRef = 764E25F81F28D02800D09506 /* Model.swift */; };
		764E25FB1F28D0E700D09506 /* FileManager+Extensions.swift in Sources */ = {isa = PBXBuildFile; fileRef = 764E25FA1F28D0E700D09506 /* FileManager+Extensions.swift */; };
		764E25FD1F28D48A00D09506 /* Cache.swift in Sources */ = {isa = PBXBuildFile; fileRef = 764E25FC1F28D48A00D09506 /* Cache.swift */; };
		764E25FF1F28D4CE00D09506 /* URL+Extensions.swift in Sources */ = {isa = PBXBuildFile; fileRef = 764E25FE1F28D4CE00D09506 /* URL+Extensions.swift */; };
		765B21381F275F83000AE66E /* LoadingViewContainer.swift in Sources */ = {isa = PBXBuildFile; fileRef = 765B21371F275F83000AE66E /* LoadingViewContainer.swift */; };
		765B213A1F275FA1000AE66E /* LoadingView.swift in Sources */ = {isa = PBXBuildFile; fileRef = 765B21391F275FA1000AE66E /* LoadingView.swift */; };
		765B213C1F275FB3000AE66E /* SpinnerLoadingView.swift in Sources */ = {isa = PBXBuildFile; fileRef = 765B213B1F275FB3000AE66E /* SpinnerLoadingView.swift */; };
		765B213E1F276048000AE66E /* SpinnerLoadingView.xib in Resources */ = {isa = PBXBuildFile; fileRef = 765B213D1F276048000AE66E /* SpinnerLoadingView.xib */; };
		765E81581F29F176005C0A11 /* FriendDetailView.swift in Sources */ = {isa = PBXBuildFile; fileRef = 765E81571F29F176005C0A11 /* FriendDetailView.swift */; };
		767114941F221BEC0085B62B /* UIImageView+Extensions.swift in Sources */ = {isa = PBXBuildFile; fileRef = 767114931F221BEC0085B62B /* UIImageView+Extensions.swift */; };
		767114961F22202F0085B62B /* FriendsDetailViewController.xib in Resources */ = {isa = PBXBuildFile; fileRef = 767114951F22202F0085B62B /* FriendsDetailViewController.xib */; };
		768205951F1F62D600D7780E /* FriendsDetailViewController.swift in Sources */ = {isa = PBXBuildFile; fileRef = 768205931F1F62D600D7780E /* FriendsDetailViewController.swift */; };
		76BF82071F26069C00BDC187 /* Curry+Extensions.swift in Sources */ = {isa = PBXBuildFile; fileRef = 76BF82061F26069C00BDC187 /* Curry+Extensions.swift */; };
		81A5FFEFF5C96BA60D52BACB /* Pods_IDPSwiftSavoniuk.framework in Frameworks */ = {isa = PBXBuildFile; fileRef = CE405330725CD4DC367CCA40 /* Pods_IDPSwiftSavoniuk.framework */; };
/* End PBXBuildFile section */

/* Begin PBXFileReference section */
		128C7591ED17121677204085 /* Pods-IDPSwiftSavoniuk.debug.xcconfig */ = {isa = PBXFileReference; includeInIndex = 1; lastKnownFileType = text.xcconfig; name = "Pods-IDPSwiftSavoniuk.debug.xcconfig"; path = "Pods/Target Support Files/Pods-IDPSwiftSavoniuk/Pods-IDPSwiftSavoniuk.debug.xcconfig"; sourceTree = "<group>"; };
		760317EE1F13A8F400E3D951 /* AppDelegate.swift */ = {isa = PBXFileReference; fileEncoding = 4; lastKnownFileType = sourcecode.swift; path = AppDelegate.swift; sourceTree = "<group>"; };
		760317EF1F13A8F400E3D951 /* Info.plist */ = {isa = PBXFileReference; fileEncoding = 4; lastKnownFileType = text.plist.xml; path = Info.plist; sourceTree = "<group>"; };
		761246371F13A74A00448E77 /* Default-568h@2x.png */ = {isa = PBXFileReference; lastKnownFileType = image.png; path = "Default-568h@2x.png"; sourceTree = "<group>"; };
		7622CC3A1F0F693B009C3254 /* IDPSwiftSavoniuk.app */ = {isa = PBXFileReference; explicitFileType = wrapper.application; includeInIndex = 0; path = IDPSwiftSavoniuk.app; sourceTree = BUILT_PRODUCTS_DIR; };
		7622CC511F0F7343009C3254 /* FacebookLogin.framework */ = {isa = PBXFileReference; lastKnownFileType = wrapper.framework; name = FacebookLogin.framework; path = "../../Library/Developer/Xcode/DerivedData/IDPSwiftSavoniuk-gfcatsdnkiypfxeojlgbsxgabuwf/Build/Products/Debug-iphonesimulator/FacebookLogin/FacebookLogin.framework"; sourceTree = "<group>"; };
		7622CC531F0F7346009C3254 /* FacebookCore.framework */ = {isa = PBXFileReference; lastKnownFileType = wrapper.framework; name = FacebookCore.framework; path = "../../Library/Developer/Xcode/DerivedData/IDPSwiftSavoniuk-gfcatsdnkiypfxeojlgbsxgabuwf/Build/Products/Debug-iphonesimulator/FacebookCore/FacebookCore.framework"; sourceTree = "<group>"; };
		76382F841F1DEABF00216BB0 /* UserView.swift */ = {isa = PBXFileReference; fileEncoding = 4; lastKnownFileType = sourcecode.swift; path = UserView.swift; sourceTree = "<group>"; };
		76382F861F1DF22E00216BB0 /* UsersModel.swift */ = {isa = PBXFileReference; fileEncoding = 4; lastKnownFileType = sourcecode.swift; path = UsersModel.swift; sourceTree = "<group>"; };
		76382F881F1DF4DD00216BB0 /* FillArrayContext.swift */ = {isa = PBXFileReference; fileEncoding = 4; lastKnownFileType = sourcecode.swift; path = FillArrayContext.swift; sourceTree = "<group>"; };
		76382F8C1F1E1F5500216BB0 /* ObservableObject.swift */ = {isa = PBXFileReference; fileEncoding = 4; lastKnownFileType = sourcecode.swift; path = ObservableObject.swift; sourceTree = "<group>"; };
		76382F8E1F1E1F7500216BB0 /* ObservationController.swift */ = {isa = PBXFileReference; fileEncoding = 4; lastKnownFileType = sourcecode.swift; path = ObservationController.swift; sourceTree = "<group>"; };
		76382F901F1E20F300216BB0 /* TableViewCell.swift */ = {isa = PBXFileReference; fileEncoding = 4; lastKnownFileType = sourcecode.swift; path = TableViewCell.swift; sourceTree = "<group>"; };
		76382F921F1E2F4C00216BB0 /* ViewController.swift */ = {isa = PBXFileReference; fileEncoding = 4; lastKnownFileType = sourcecode.swift; path = ViewController.swift; sourceTree = "<group>"; };
		764A8E251F1C9A6E0052D034 /* Constants.swift */ = {isa = PBXFileReference; fileEncoding = 4; lastKnownFileType = sourcecode.swift; path = Constants.swift; sourceTree = "<group>"; };
		764A8E3C1F1C9A6E0052D034 /* LoginViewController.swift */ = {isa = PBXFileReference; fileEncoding = 4; lastKnownFileType = sourcecode.swift; path = LoginViewController.swift; sourceTree = "<group>"; };
		764A8E3D1F1C9A6E0052D034 /* LoginViewController.xib */ = {isa = PBXFileReference; fileEncoding = 4; lastKnownFileType = file.xib; path = LoginViewController.xib; sourceTree = "<group>"; };
		764A8E4D1F1C9B010052D034 /* UITableView+Extensions.swift */ = {isa = PBXFileReference; fileEncoding = 4; lastKnownFileType = sourcecode.swift; path = "UITableView+Extensions.swift"; sourceTree = "<group>"; };
		764A8E4F1F1C9B420052D034 /* UINib+Extensions.swift */ = {isa = PBXFileReference; fileEncoding = 4; lastKnownFileType = sourcecode.swift; path = "UINib+Extensions.swift"; sourceTree = "<group>"; };
		764A8E511F1C9B780052D034 /* Optional+Extensions.swift */ = {isa = PBXFileReference; fileEncoding = 4; lastKnownFileType = sourcecode.swift; path = "Optional+Extensions.swift"; sourceTree = "<group>"; };
		764A8E531F1C9BD40052D034 /* NSArray+Extensions.swift */ = {isa = PBXFileReference; fileEncoding = 4; lastKnownFileType = sourcecode.swift; path = "NSArray+Extensions.swift"; sourceTree = "<group>"; };
		764A8E571F1CB33C0052D034 /* UIView+Extensions.swift */ = {isa = PBXFileReference; fileEncoding = 4; lastKnownFileType = sourcecode.swift; path = "UIView+Extensions.swift"; sourceTree = "<group>"; };
		764A8E5A1F1CB3A80052D034 /* UsersViewController.swift */ = {isa = PBXFileReference; fileEncoding = 4; lastKnownFileType = sourcecode.swift; path = UsersViewController.swift; sourceTree = "<group>"; };
		764A8E5B1F1CB3A80052D034 /* UsersViewController.xib */ = {isa = PBXFileReference; fileEncoding = 4; lastKnownFileType = file.xib; path = UsersViewController.xib; sourceTree = "<group>"; };
		764A8E5E1F1CB3A80052D034 /* UserCell.swift */ = {isa = PBXFileReference; fileEncoding = 4; lastKnownFileType = sourcecode.swift; path = UserCell.swift; sourceTree = "<group>"; };
		764A8E5F1F1CB3A80052D034 /* UserCell.xib */ = {isa = PBXFileReference; fileEncoding = 4; lastKnownFileType = file.xib; path = UserCell.xib; sourceTree = "<group>"; };
		764A8E891F1CF7C90052D034 /* BaseContext.swift */ = {isa = PBXFileReference; fileEncoding = 4; lastKnownFileType = sourcecode.swift; path = BaseContext.swift; sourceTree = "<group>"; };
		764A8E8E1F1CF7C90052D034 /* LoginContext.swift */ = {isa = PBXFileReference; fileEncoding = 4; lastKnownFileType = sourcecode.swift; path = LoginContext.swift; sourceTree = "<group>"; };
		764A8E8F1F1CF7C90052D034 /* User.swift */ = {isa = PBXFileReference; fileEncoding = 4; lastKnownFileType = sourcecode.swift; path = User.swift; sourceTree = "<group>"; };
		764A8E901F1CF7C90052D034 /* ArrayModel.swift */ = {isa = PBXFileReference; fileEncoding = 4; lastKnownFileType = sourcecode.swift; path = ArrayModel.swift; sourceTree = "<group>"; };
		764E25F21F28CEFD00D09506 /* ImageModel.swift */ = {isa = PBXFileReference; fileEncoding = 4; lastKnownFileType = sourcecode.swift; path = ImageModel.swift; sourceTree = "<group>"; };
		764E25F41F28CF1D00D09506 /* FileSystemModel.swift */ = {isa = PBXFileReference; fileEncoding = 4; lastKnownFileType = sourcecode.swift; path = FileSystemModel.swift; sourceTree = "<group>"; };
		764E25F61F28CF2B00D09506 /* InternetImageModel.swift */ = {isa = PBXFileReference; fileEncoding = 4; lastKnownFileType = sourcecode.swift; path = InternetImageModel.swift; sourceTree = "<group>"; };
		764E25F81F28D02800D09506 /* Model.swift */ = {isa = PBXFileReference; fileEncoding = 4; lastKnownFileType = sourcecode.swift; path = Model.swift; sourceTree = "<group>"; };
		764E25FA1F28D0E700D09506 /* FileManager+Extensions.swift */ = {isa = PBXFileReference; fileEncoding = 4; lastKnownFileType = sourcecode.swift; path = "FileManager+Extensions.swift"; sourceTree = "<group>"; };
		764E25FC1F28D48A00D09506 /* Cache.swift */ = {isa = PBXFileReference; fileEncoding = 4; lastKnownFileType = sourcecode.swift; path = Cache.swift; sourceTree = "<group>"; };
		764E25FE1F28D4CE00D09506 /* URL+Extensions.swift */ = {isa = PBXFileReference; fileEncoding = 4; lastKnownFileType = sourcecode.swift; path = "URL+Extensions.swift"; sourceTree = "<group>"; };
		765B21371F275F83000AE66E /* LoadingViewContainer.swift */ = {isa = PBXFileReference; fileEncoding = 4; lastKnownFileType = sourcecode.swift; path = LoadingViewContainer.swift; sourceTree = "<group>"; };
		765B21391F275FA1000AE66E /* LoadingView.swift */ = {isa = PBXFileReference; fileEncoding = 4; lastKnownFileType = sourcecode.swift; path = LoadingView.swift; sourceTree = "<group>"; };
		765B213B1F275FB3000AE66E /* SpinnerLoadingView.swift */ = {isa = PBXFileReference; fileEncoding = 4; lastKnownFileType = sourcecode.swift; path = SpinnerLoadingView.swift; sourceTree = "<group>"; };
		765B213D1F276048000AE66E /* SpinnerLoadingView.xib */ = {isa = PBXFileReference; fileEncoding = 4; lastKnownFileType = file.xib; path = SpinnerLoadingView.xib; sourceTree = "<group>"; };
		765E81571F29F176005C0A11 /* FriendDetailView.swift */ = {isa = PBXFileReference; fileEncoding = 4; lastKnownFileType = sourcecode.swift; path = FriendDetailView.swift; sourceTree = "<group>"; };
		767114931F221BEC0085B62B /* UIImageView+Extensions.swift */ = {isa = PBXFileReference; fileEncoding = 4; lastKnownFileType = sourcecode.swift; path = "UIImageView+Extensions.swift"; sourceTree = "<group>"; };
		767114951F22202F0085B62B /* FriendsDetailViewController.xib */ = {isa = PBXFileReference; fileEncoding = 4; lastKnownFileType = file.xib; path = FriendsDetailViewController.xib; sourceTree = "<group>"; };
		768205931F1F62D600D7780E /* FriendsDetailViewController.swift */ = {isa = PBXFileReference; fileEncoding = 4; lastKnownFileType = sourcecode.swift; path = FriendsDetailViewController.swift; sourceTree = "<group>"; };
		76BF82061F26069C00BDC187 /* Curry+Extensions.swift */ = {isa = PBXFileReference; fileEncoding = 4; lastKnownFileType = sourcecode.swift; path = "Curry+Extensions.swift"; sourceTree = "<group>"; };
		97F85CEBE27F71C143515761 /* Pods-IDPSwiftSavoniuk.release.xcconfig */ = {isa = PBXFileReference; includeInIndex = 1; lastKnownFileType = text.xcconfig; name = "Pods-IDPSwiftSavoniuk.release.xcconfig"; path = "Pods/Target Support Files/Pods-IDPSwiftSavoniuk/Pods-IDPSwiftSavoniuk.release.xcconfig"; sourceTree = "<group>"; };
		CE405330725CD4DC367CCA40 /* Pods_IDPSwiftSavoniuk.framework */ = {isa = PBXFileReference; explicitFileType = wrapper.framework; includeInIndex = 0; path = Pods_IDPSwiftSavoniuk.framework; sourceTree = BUILT_PRODUCTS_DIR; };
/* End PBXFileReference section */

/* Begin PBXFrameworksBuildPhase section */
		7622CC371F0F693B009C3254 /* Frameworks */ = {
			isa = PBXFrameworksBuildPhase;
			buildActionMask = 2147483647;
			files = (
				7622CC541F0F7346009C3254 /* FacebookCore.framework in Frameworks */,
				7622CC521F0F7343009C3254 /* FacebookLogin.framework in Frameworks */,
				81A5FFEFF5C96BA60D52BACB /* Pods_IDPSwiftSavoniuk.framework in Frameworks */,
			);
			runOnlyForDeploymentPostprocessing = 0;
		};
/* End PBXFrameworksBuildPhase section */

/* Begin PBXGroup section */
		3F85D7715FB2AF01C4C2A531 /* Pods */ = {
			isa = PBXGroup;
			children = (
				128C7591ED17121677204085 /* Pods-IDPSwiftSavoniuk.debug.xcconfig */,
				97F85CEBE27F71C143515761 /* Pods-IDPSwiftSavoniuk.release.xcconfig */,
			);
			name = Pods;
			sourceTree = "<group>";
		};
		760317ED1F13A8F400E3D951 /* IDPSwiftSavoniuk */ = {
			isa = PBXGroup;
			children = (
				760317EE1F13A8F400E3D951 /* AppDelegate.swift */,
				760317EF1F13A8F400E3D951 /* Info.plist */,
			);
			path = IDPSwiftSavoniuk;
			sourceTree = "<group>";
		};
		7622CC311F0F693B009C3254 = {
			isa = PBXGroup;
			children = (
				764A8E231F1C9A6E0052D034 /* Source */,
				764A8E221F1C9A360052D034 /* Resources */,
				761246371F13A74A00448E77 /* Default-568h@2x.png */,
				760317ED1F13A8F400E3D951 /* IDPSwiftSavoniuk */,
				7622CC3B1F0F693B009C3254 /* Products */,
				3F85D7715FB2AF01C4C2A531 /* Pods */,
				ABD20B5E5142F33D49B4D03B /* Frameworks */,
			);
			sourceTree = "<group>";
		};
		7622CC3B1F0F693B009C3254 /* Products */ = {
			isa = PBXGroup;
			children = (
				7622CC3A1F0F693B009C3254 /* IDPSwiftSavoniuk.app */,
			);
			name = Products;
			sourceTree = "<group>";
		};
		76382F8A1F1E1EFF00216BB0 /* Classes */ = {
			isa = PBXGroup;
			children = (
				76382F8B1F1E1F2800216BB0 /* ObservableObject */,
				764E25FC1F28D48A00D09506 /* Cache.swift */,
			);
			path = Classes;
			sourceTree = "<group>";
		};
		76382F8B1F1E1F2800216BB0 /* ObservableObject */ = {
			isa = PBXGroup;
			children = (
				76382F8C1F1E1F5500216BB0 /* ObservableObject.swift */,
				76382F8E1F1E1F7500216BB0 /* ObservationController.swift */,
			);
			path = ObservableObject;
			sourceTree = "<group>";
		};
		764A8E221F1C9A360052D034 /* Resources */ = {
			isa = PBXGroup;
			children = (
			);
			path = Resources;
			sourceTree = "<group>";
		};
		764A8E231F1C9A6E0052D034 /* Source */ = {
			isa = PBXGroup;
			children = (
				76382F8A1F1E1EFF00216BB0 /* Classes */,
				764A8E241F1C9A6E0052D034 /* Library */,
				764A8E321F1C9A6E0052D034 /* UI */,
				764A8E871F1CF7C90052D034 /* Models */,
			);
			path = Source;
			sourceTree = "<group>";
		};
		764A8E241F1C9A6E0052D034 /* Library */ = {
			isa = PBXGroup;
			children = (
				764A8E251F1C9A6E0052D034 /* Constants.swift */,
				764A8E261F1C9A6E0052D034 /* IDPExtensions */,
			);
			path = Library;
			sourceTree = "<group>";
		};
		764A8E261F1C9A6E0052D034 /* IDPExtensions */ = {
			isa = PBXGroup;
			children = (
				764A8E4D1F1C9B010052D034 /* UITableView+Extensions.swift */,
				764A8E4F1F1C9B420052D034 /* UINib+Extensions.swift */,
				764A8E511F1C9B780052D034 /* Optional+Extensions.swift */,
				764A8E531F1C9BD40052D034 /* NSArray+Extensions.swift */,
				764A8E571F1CB33C0052D034 /* UIView+Extensions.swift */,
				767114931F221BEC0085B62B /* UIImageView+Extensions.swift */,
				76BF82061F26069C00BDC187 /* Curry+Extensions.swift */,
				764E25FA1F28D0E700D09506 /* FileManager+Extensions.swift */,
				764E25FE1F28D4CE00D09506 /* URL+Extensions.swift */,
			);
			path = IDPExtensions;
			sourceTree = "<group>";
		};
		764A8E321F1C9A6E0052D034 /* UI */ = {
			isa = PBXGroup;
			children = (
				764A8E331F1C9A6E0052D034 /* Controllers */,
				765B21341F275F5B000AE66E /* Views */,
			);
			path = UI;
			sourceTree = "<group>";
		};
		764A8E331F1C9A6E0052D034 /* Controllers */ = {
			isa = PBXGroup;
			children = (
				764A8E591F1CB3A80052D034 /* UsersViewController */,
				764A8E341F1C9A6E0052D034 /* FriendsDetailViewController */,
				764A8E3B1F1C9A6E0052D034 /* LoginViewController */,
				76382F921F1E2F4C00216BB0 /* ViewController.swift */,
			);
			path = Controllers;
			sourceTree = "<group>";
		};
		764A8E341F1C9A6E0052D034 /* FriendsDetailViewController */ = {
			isa = PBXGroup;
			children = (
				768205931F1F62D600D7780E /* FriendsDetailViewController.swift */,
				767114951F22202F0085B62B /* FriendsDetailViewController.xib */,
				765E81571F29F176005C0A11 /* FriendDetailView.swift */,
			);
			path = FriendsDetailViewController;
			sourceTree = "<group>";
		};
		764A8E3B1F1C9A6E0052D034 /* LoginViewController */ = {
			isa = PBXGroup;
			children = (
				764A8E3C1F1C9A6E0052D034 /* LoginViewController.swift */,
				764A8E3D1F1C9A6E0052D034 /* LoginViewController.xib */,
			);
			path = LoginViewController;
			sourceTree = "<group>";
		};
		764A8E591F1CB3A80052D034 /* UsersViewController */ = {
			isa = PBXGroup;
			children = (
				764A8E5A1F1CB3A80052D034 /* UsersViewController.swift */,
				764A8E5B1F1CB3A80052D034 /* UsersViewController.xib */,
				764A8E5C1F1CB3A80052D034 /* Private */,
			);
			path = UsersViewController;
			sourceTree = "<group>";
		};
		764A8E5C1F1CB3A80052D034 /* Private */ = {
			isa = PBXGroup;
			children = (
				764A8E5E1F1CB3A80052D034 /* UserCell.swift */,
				764A8E5F1F1CB3A80052D034 /* UserCell.xib */,
				76382F841F1DEABF00216BB0 /* UserView.swift */,
				76382F901F1E20F300216BB0 /* TableViewCell.swift */,
			);
			path = Private;
			sourceTree = "<group>";
		};
		764A8E871F1CF7C90052D034 /* Models */ = {
			isa = PBXGroup;
			children = (
				764E25F01F28CEA300D09506 /* ImageModel */,
				764A8E881F1CF7C90052D034 /* BaseDCI */,
				764A8E8A1F1CF7C90052D034 /* Contexts */,
				764A8E8F1F1CF7C90052D034 /* User.swift */,
				764A8E901F1CF7C90052D034 /* ArrayModel.swift */,
				76382F861F1DF22E00216BB0 /* UsersModel.swift */,
				764E25F81F28D02800D09506 /* Model.swift */,
			);
			path = Models;
			sourceTree = "<group>";
		};
		764A8E881F1CF7C90052D034 /* BaseDCI */ = {
			isa = PBXGroup;
			children = (
				764A8E891F1CF7C90052D034 /* BaseContext.swift */,
			);
			path = BaseDCI;
			sourceTree = "<group>";
		};
		764A8E8A1F1CF7C90052D034 /* Contexts */ = {
			isa = PBXGroup;
			children = (
				764A8E8E1F1CF7C90052D034 /* LoginContext.swift */,
				76382F881F1DF4DD00216BB0 /* FillArrayContext.swift */,
			);
			path = Contexts;
			sourceTree = "<group>";
		};
		764E25F01F28CEA300D09506 /* ImageModel */ = {
			isa = PBXGroup;
			children = (
				764E25F21F28CEFD00D09506 /* ImageModel.swift */,
				764E25F11F28CEA300D09506 /* Private */,
			);
			path = ImageModel;
			sourceTree = "<group>";
		};
		764E25F11F28CEA300D09506 /* Private */ = {
			isa = PBXGroup;
			children = (
				764E25F41F28CF1D00D09506 /* FileSystemModel.swift */,
				764E25F61F28CF2B00D09506 /* InternetImageModel.swift */,
			);
			path = Private;
			sourceTree = "<group>";
		};
		765B21341F275F5B000AE66E /* Views */ = {
			isa = PBXGroup;
			children = (
				765B21351F275F5B000AE66E /* LoadingViewContainer */,
			);
			path = Views;
			sourceTree = "<group>";
		};
		765B21351F275F5B000AE66E /* LoadingViewContainer */ = {
			isa = PBXGroup;
			children = (
				765B21371F275F83000AE66E /* LoadingViewContainer.swift */,
				765B21361F275F5B000AE66E /* Private */,
			);
			path = LoadingViewContainer;
			sourceTree = "<group>";
		};
		765B21361F275F5B000AE66E /* Private */ = {
			isa = PBXGroup;
			children = (
				765B21391F275FA1000AE66E /* LoadingView.swift */,
				765B213B1F275FB3000AE66E /* SpinnerLoadingView.swift */,
				765B213D1F276048000AE66E /* SpinnerLoadingView.xib */,
			);
			path = Private;
			sourceTree = "<group>";
		};
		ABD20B5E5142F33D49B4D03B /* Frameworks */ = {
			isa = PBXGroup;
			children = (
				7622CC531F0F7346009C3254 /* FacebookCore.framework */,
				7622CC511F0F7343009C3254 /* FacebookLogin.framework */,
				CE405330725CD4DC367CCA40 /* Pods_IDPSwiftSavoniuk.framework */,
			);
			name = Frameworks;
			sourceTree = "<group>";
		};
/* End PBXGroup section */

/* Begin PBXNativeTarget section */
		7622CC391F0F693B009C3254 /* IDPSwiftSavoniuk */ = {
			isa = PBXNativeTarget;
			buildConfigurationList = 7622CC4C1F0F693B009C3254 /* Build configuration list for PBXNativeTarget "IDPSwiftSavoniuk" */;
			buildPhases = (
				885A432B3EA8F022E5F87D9D /* [CP] Check Pods Manifest.lock */,
				7622CC361F0F693B009C3254 /* Sources */,
				7622CC371F0F693B009C3254 /* Frameworks */,
				7622CC381F0F693B009C3254 /* Resources */,
				21CB7D163A5F7B10456A7979 /* [CP] Embed Pods Frameworks */,
				397EEDE980311A62E48CD582 /* [CP] Copy Pods Resources */,
			);
			buildRules = (
			);
			dependencies = (
			);
			name = IDPSwiftSavoniuk;
			productName = IDPSwiftSavoniuk;
			productReference = 7622CC3A1F0F693B009C3254 /* IDPSwiftSavoniuk.app */;
			productType = "com.apple.product-type.application";
		};
/* End PBXNativeTarget section */

/* Begin PBXProject section */
		7622CC321F0F693B009C3254 /* Project object */ = {
			isa = PBXProject;
			attributes = {
				LastSwiftUpdateCheck = 0820;
				LastUpgradeCheck = 0820;
				ORGANIZATIONNAME = Student002;
				TargetAttributes = {
					7622CC391F0F693B009C3254 = {
						CreatedOnToolsVersion = 8.2.1;
						ProvisioningStyle = Automatic;
					};
				};
			};
			buildConfigurationList = 7622CC351F0F693B009C3254 /* Build configuration list for PBXProject "IDPSwiftSavoniuk" */;
			compatibilityVersion = "Xcode 3.2";
			developmentRegion = English;
			hasScannedForEncodings = 0;
			knownRegions = (
				en,
				Base,
			);
			mainGroup = 7622CC311F0F693B009C3254;
			productRefGroup = 7622CC3B1F0F693B009C3254 /* Products */;
			projectDirPath = "";
			projectRoot = "";
			targets = (
				7622CC391F0F693B009C3254 /* IDPSwiftSavoniuk */,
			);
		};
/* End PBXProject section */

/* Begin PBXResourcesBuildPhase section */
		7622CC381F0F693B009C3254 /* Resources */ = {
			isa = PBXResourcesBuildPhase;
			buildActionMask = 2147483647;
			files = (
				764A8E641F1CB3A80052D034 /* UserCell.xib in Resources */,
				765B213E1F276048000AE66E /* SpinnerLoadingView.xib in Resources */,
				764A8E4C1F1C9A6E0052D034 /* LoginViewController.xib in Resources */,
				767114961F22202F0085B62B /* FriendsDetailViewController.xib in Resources */,
				764A8E611F1CB3A80052D034 /* UsersViewController.xib in Resources */,
				761246381F13A74A00448E77 /* Default-568h@2x.png in Resources */,
			);
			runOnlyForDeploymentPostprocessing = 0;
		};
/* End PBXResourcesBuildPhase section */

/* Begin PBXShellScriptBuildPhase section */
		21CB7D163A5F7B10456A7979 /* [CP] Embed Pods Frameworks */ = {
			isa = PBXShellScriptBuildPhase;
			buildActionMask = 2147483647;
			files = (
			);
			inputPaths = (
			);
			name = "[CP] Embed Pods Frameworks";
			outputPaths = (
			);
			runOnlyForDeploymentPostprocessing = 0;
			shellPath = /bin/sh;
			shellScript = "\"${SRCROOT}/Pods/Target Support Files/Pods-IDPSwiftSavoniuk/Pods-IDPSwiftSavoniuk-frameworks.sh\"\n";
			showEnvVarsInLog = 0;
		};
		397EEDE980311A62E48CD582 /* [CP] Copy Pods Resources */ = {
			isa = PBXShellScriptBuildPhase;
			buildActionMask = 2147483647;
			files = (
			);
			inputPaths = (
			);
			name = "[CP] Copy Pods Resources";
			outputPaths = (
			);
			runOnlyForDeploymentPostprocessing = 0;
			shellPath = /bin/sh;
			shellScript = "\"${SRCROOT}/Pods/Target Support Files/Pods-IDPSwiftSavoniuk/Pods-IDPSwiftSavoniuk-resources.sh\"\n";
			showEnvVarsInLog = 0;
		};
		885A432B3EA8F022E5F87D9D /* [CP] Check Pods Manifest.lock */ = {
			isa = PBXShellScriptBuildPhase;
			buildActionMask = 2147483647;
			files = (
			);
			inputPaths = (
			);
			name = "[CP] Check Pods Manifest.lock";
			outputPaths = (
			);
			runOnlyForDeploymentPostprocessing = 0;
			shellPath = /bin/sh;
			shellScript = "diff \"${PODS_PODFILE_DIR_PATH}/Podfile.lock\" \"${PODS_ROOT}/Manifest.lock\" > /dev/null\nif [ $? != 0 ] ; then\n    # print error to STDERR\n    echo \"error: The sandbox is not in sync with the Podfile.lock. Run 'pod install' or update your CocoaPods installation.\" >&2\n    exit 1\nfi\n";
			showEnvVarsInLog = 0;
		};
/* End PBXShellScriptBuildPhase section */

/* Begin PBXSourcesBuildPhase section */
		7622CC361F0F693B009C3254 /* Sources */ = {
			isa = PBXSourcesBuildPhase;
			buildActionMask = 2147483647;
			files = (
				76382F8F1F1E1F7500216BB0 /* ObservationController.swift in Sources */,
				76382F891F1DF4DD00216BB0 /* FillArrayContext.swift in Sources */,
				764A8E911F1CF7C90052D034 /* BaseContext.swift in Sources */,
				764A8E971F1CF7C90052D034 /* ArrayModel.swift in Sources */,
				764E25FD1F28D48A00D09506 /* Cache.swift in Sources */,
				764A8E541F1C9BD40052D034 /* NSArray+Extensions.swift in Sources */,
				764A8E961F1CF7C90052D034 /* User.swift in Sources */,
				76382F941F1E2F4C00216BB0 /* ViewController.swift in Sources */,
				764A8E521F1C9B780052D034 /* Optional+Extensions.swift in Sources */,
				764E25F51F28CF1D00D09506 /* FileSystemModel.swift in Sources */,
				765B213A1F275FA1000AE66E /* LoadingView.swift in Sources */,
				764A8E581F1CB33C0052D034 /* UIView+Extensions.swift in Sources */,
				767114941F221BEC0085B62B /* UIImageView+Extensions.swift in Sources */,
				764A8E601F1CB3A80052D034 /* UsersViewController.swift in Sources */,
				764A8E501F1C9B420052D034 /* UINib+Extensions.swift in Sources */,
				764E25FB1F28D0E700D09506 /* FileManager+Extensions.swift in Sources */,
				764A8E3F1F1C9A6E0052D034 /* Constants.swift in Sources */,
				76382F871F1DF22E00216BB0 /* UsersModel.swift in Sources */,
				764A8E4B1F1C9A6E0052D034 /* LoginViewController.swift in Sources */,
				765B21381F275F83000AE66E /* LoadingViewContainer.swift in Sources */,
				765E81581F29F176005C0A11 /* FriendDetailView.swift in Sources */,
				764A8E4E1F1C9B010052D034 /* UITableView+Extensions.swift in Sources */,
				76382F8D1F1E1F5500216BB0 /* ObservableObject.swift in Sources */,
				764E25FF1F28D4CE00D09506 /* URL+Extensions.swift in Sources */,
				764E25F71F28CF2B00D09506 /* InternetImageModel.swift in Sources */,
				764E25F31F28CEFD00D09506 /* ImageModel.swift in Sources */,
				764E25F91F28D02800D09506 /* Model.swift in Sources */,
				76382F911F1E20F300216BB0 /* TableViewCell.swift in Sources */,
				768205951F1F62D600D7780E /* FriendsDetailViewController.swift in Sources */,
				760317F11F13A8F400E3D951 /* AppDelegate.swift in Sources */,
				765B213C1F275FB3000AE66E /* SpinnerLoadingView.swift in Sources */,
				764A8E631F1CB3A80052D034 /* UserCell.swift in Sources */,
				76BF82071F26069C00BDC187 /* Curry+Extensions.swift in Sources */,
				764A8E951F1CF7C90052D034 /* LoginContext.swift in Sources */,
				76382F851F1DEABF00216BB0 /* UserView.swift in Sources */,
			);
			runOnlyForDeploymentPostprocessing = 0;
		};
/* End PBXSourcesBuildPhase section */

/* Begin XCBuildConfiguration section */
		7622CC4A1F0F693B009C3254 /* Debug */ = {
			isa = XCBuildConfiguration;
			buildSettings = {
				ALWAYS_SEARCH_USER_PATHS = NO;
				CLANG_ANALYZER_NONNULL = YES;
				CLANG_CXX_LANGUAGE_STANDARD = "gnu++0x";
				CLANG_CXX_LIBRARY = "libc++";
				CLANG_ENABLE_MODULES = YES;
				CLANG_ENABLE_OBJC_ARC = YES;
				CLANG_WARN_BOOL_CONVERSION = YES;
				CLANG_WARN_CONSTANT_CONVERSION = YES;
				CLANG_WARN_DIRECT_OBJC_ISA_USAGE = YES_ERROR;
				CLANG_WARN_DOCUMENTATION_COMMENTS = YES;
				CLANG_WARN_EMPTY_BODY = YES;
				CLANG_WARN_ENUM_CONVERSION = YES;
				CLANG_WARN_INFINITE_RECURSION = YES;
				CLANG_WARN_INT_CONVERSION = YES;
				CLANG_WARN_OBJC_ROOT_CLASS = YES_ERROR;
				CLANG_WARN_SUSPICIOUS_MOVE = YES;
				CLANG_WARN_UNREACHABLE_CODE = YES;
				CLANG_WARN__DUPLICATE_METHOD_MATCH = YES;
				"CODE_SIGN_IDENTITY[sdk=iphoneos*]" = "iPhone Developer";
				COPY_PHASE_STRIP = NO;
				DEBUG_INFORMATION_FORMAT = dwarf;
				ENABLE_STRICT_OBJC_MSGSEND = YES;
				ENABLE_TESTABILITY = YES;
				GCC_C_LANGUAGE_STANDARD = gnu99;
				GCC_DYNAMIC_NO_PIC = NO;
				GCC_NO_COMMON_BLOCKS = YES;
				GCC_OPTIMIZATION_LEVEL = 0;
				GCC_PREPROCESSOR_DEFINITIONS = (
					"DEBUG=1",
					"$(inherited)",
				);
				GCC_WARN_64_TO_32_BIT_CONVERSION = YES;
				GCC_WARN_ABOUT_RETURN_TYPE = YES_ERROR;
				GCC_WARN_UNDECLARED_SELECTOR = YES;
				GCC_WARN_UNINITIALIZED_AUTOS = YES_AGGRESSIVE;
				GCC_WARN_UNUSED_FUNCTION = YES;
				GCC_WARN_UNUSED_VARIABLE = YES;
				IPHONEOS_DEPLOYMENT_TARGET = 10.2;
				MTL_ENABLE_DEBUG_INFO = YES;
				ONLY_ACTIVE_ARCH = YES;
				SDKROOT = iphoneos;
				SWIFT_ACTIVE_COMPILATION_CONDITIONS = DEBUG;
				SWIFT_OPTIMIZATION_LEVEL = "-Onone";
				TARGETED_DEVICE_FAMILY = "1,2";
			};
			name = Debug;
		};
		7622CC4B1F0F693B009C3254 /* Release */ = {
			isa = XCBuildConfiguration;
			buildSettings = {
				ALWAYS_SEARCH_USER_PATHS = NO;
				CLANG_ANALYZER_NONNULL = YES;
				CLANG_CXX_LANGUAGE_STANDARD = "gnu++0x";
				CLANG_CXX_LIBRARY = "libc++";
				CLANG_ENABLE_MODULES = YES;
				CLANG_ENABLE_OBJC_ARC = YES;
				CLANG_WARN_BOOL_CONVERSION = YES;
				CLANG_WARN_CONSTANT_CONVERSION = YES;
				CLANG_WARN_DIRECT_OBJC_ISA_USAGE = YES_ERROR;
				CLANG_WARN_DOCUMENTATION_COMMENTS = YES;
				CLANG_WARN_EMPTY_BODY = YES;
				CLANG_WARN_ENUM_CONVERSION = YES;
				CLANG_WARN_INFINITE_RECURSION = YES;
				CLANG_WARN_INT_CONVERSION = YES;
				CLANG_WARN_OBJC_ROOT_CLASS = YES_ERROR;
				CLANG_WARN_SUSPICIOUS_MOVE = YES;
				CLANG_WARN_UNREACHABLE_CODE = YES;
				CLANG_WARN__DUPLICATE_METHOD_MATCH = YES;
				"CODE_SIGN_IDENTITY[sdk=iphoneos*]" = "iPhone Developer";
				COPY_PHASE_STRIP = NO;
				DEBUG_INFORMATION_FORMAT = "dwarf-with-dsym";
				ENABLE_NS_ASSERTIONS = NO;
				ENABLE_STRICT_OBJC_MSGSEND = YES;
				GCC_C_LANGUAGE_STANDARD = gnu99;
				GCC_NO_COMMON_BLOCKS = YES;
				GCC_WARN_64_TO_32_BIT_CONVERSION = YES;
				GCC_WARN_ABOUT_RETURN_TYPE = YES_ERROR;
				GCC_WARN_UNDECLARED_SELECTOR = YES;
				GCC_WARN_UNINITIALIZED_AUTOS = YES_AGGRESSIVE;
				GCC_WARN_UNUSED_FUNCTION = YES;
				GCC_WARN_UNUSED_VARIABLE = YES;
				IPHONEOS_DEPLOYMENT_TARGET = 10.2;
				MTL_ENABLE_DEBUG_INFO = NO;
				SDKROOT = iphoneos;
				SWIFT_OPTIMIZATION_LEVEL = "-Owholemodule";
				TARGETED_DEVICE_FAMILY = "1,2";
				VALIDATE_PRODUCT = YES;
			};
			name = Release;
		};
		7622CC4D1F0F693B009C3254 /* Debug */ = {
			isa = XCBuildConfiguration;
			baseConfigurationReference = 128C7591ED17121677204085 /* Pods-IDPSwiftSavoniuk.debug.xcconfig */;
			buildSettings = {
				ASSETCATALOG_COMPILER_APPICON_NAME = AppIcon;
				INFOPLIST_FILE = IDPSwiftSavoniuk/Info.plist;
				IPHONEOS_DEPLOYMENT_TARGET = 10.2;
				LD_RUNPATH_SEARCH_PATHS = "$(inherited) @executable_path/Frameworks";
				PRODUCT_BUNDLE_IDENTIFIER = Student002.IDPSwiftSavoniuk;
				PRODUCT_NAME = "$(TARGET_NAME)";
				SWIFT_VERSION = 3.0;
				TARGETED_DEVICE_FAMILY = 1;
			};
			name = Debug;
		};
		7622CC4E1F0F693B009C3254 /* Release */ = {
			isa = XCBuildConfiguration;
			baseConfigurationReference = 97F85CEBE27F71C143515761 /* Pods-IDPSwiftSavoniuk.release.xcconfig */;
			buildSettings = {
				ASSETCATALOG_COMPILER_APPICON_NAME = AppIcon;
				INFOPLIST_FILE = IDPSwiftSavoniuk/Info.plist;
				IPHONEOS_DEPLOYMENT_TARGET = 10.2;
				LD_RUNPATH_SEARCH_PATHS = "$(inherited) @executable_path/Frameworks";
				PRODUCT_BUNDLE_IDENTIFIER = Student002.IDPSwiftSavoniuk;
				PRODUCT_NAME = "$(TARGET_NAME)";
				SWIFT_VERSION = 3.0;
				TARGETED_DEVICE_FAMILY = 1;
			};
			name = Release;
		};
/* End XCBuildConfiguration section */

/* Begin XCConfigurationList section */
		7622CC351F0F693B009C3254 /* Build configuration list for PBXProject "IDPSwiftSavoniuk" */ = {
			isa = XCConfigurationList;
			buildConfigurations = (
				7622CC4A1F0F693B009C3254 /* Debug */,
				7622CC4B1F0F693B009C3254 /* Release */,
			);
			defaultConfigurationIsVisible = 0;
			defaultConfigurationName = Release;
		};
		7622CC4C1F0F693B009C3254 /* Build configuration list for PBXNativeTarget "IDPSwiftSavoniuk" */ = {
			isa = XCConfigurationList;
			buildConfigurations = (
				7622CC4D1F0F693B009C3254 /* Debug */,
				7622CC4E1F0F693B009C3254 /* Release */,
			);
			defaultConfigurationIsVisible = 0;
			defaultConfigurationName = Release;
		};
/* End XCConfigurationList section */
	};
	rootObject = 7622CC321F0F693B009C3254 /* Project object */;
}
